
Microsoft Visual Studio Solution File, Format Version 12.00
# Visual Studio Version 17
VisualStudioVersion = 17.10.35122.118
MinimumVisualStudioVersion = 10.0.40219.1
Project("{FAE04EC0-301F-11D3-BF4B-00C04F79EFBC}") = "GestionTareasPendientes", "GestionTareasPendientes\GestionTareasPendientes.csproj", "{923B74B6-FA50-405C-AFA3-0846A5AC4BCC}"
EndProject
Global
	GlobalSection(SolutionConfigurationPlatforms) = preSolution
		Debug|Any CPU = Debug|Any CPU
		Release|Any CPU = Release|Any CPU
	EndGlobalSection
	GlobalSection(ProjectConfigurationPlatforms) = postSolution
		{923B74B6-FA50-405C-AFA3-0846A5AC4BCC}.Debug|Any CPU.ActiveCfg = Debug|Any CPU
		{923B74B6-FA50-405C-AFA3-0846A5AC4BCC}.Debug|Any CPU.Build.0 = Debug|Any CPU
		{923B74B6-FA50-405C-AFA3-0846A5AC4BCC}.Release|Any CPU.ActiveCfg = Release|Any CPU
		{923B74B6-FA50-405C-AFA3-0846A5AC4BCC}.Release|Any CPU.Build.0 = Release|Any CPU
	EndGlobalSection
	GlobalSection(SolutionProperties) = preSolution
		HideSolutionNode = FALSE
	EndGlobalSection
	GlobalSection(ExtensibilityGlobals) = postSolution
		SolutionGuid = {BC11484C-F751-466B-A9CB-DE191AD62EE8}
	EndGlobalSection
EndGlobal
